
Microsoft Visual Studio Solution File, Format Version 12.00
# Visual Studio Version 17
VisualStudioVersion = 17.13.35828.75 d17.13
MinimumVisualStudioVersion = 10.0.40219.1
Project("{FAE04EC0-301F-11D3-BF4B-00C04F79EFBC}") = "Delegates_Part2", "Delegates_Part2\Delegates_Part2.csproj", "{42B67C1E-41D2-486D-9714-400268F111D2}"
EndProject
Global
	GlobalSection(SolutionConfigurationPlatforms) = preSolution
		Debug|Any CPU = Debug|Any CPU
		Release|Any CPU = Release|Any CPU
	EndGlobalSection
	GlobalSection(ProjectConfigurationPlatforms) = postSolution
		{42B67C1E-41D2-486D-9714-400268F111D2}.Debug|Any CPU.ActiveCfg = Debug|Any CPU
		{42B67C1E-41D2-486D-9714-400268F111D2}.Debug|Any CPU.Build.0 = Debug|Any CPU
		{42B67C1E-41D2-486D-9714-400268F111D2}.Release|Any CPU.ActiveCfg = Release|Any CPU
		{42B67C1E-41D2-486D-9714-400268F111D2}.Release|Any CPU.Build.0 = Release|Any CPU
	EndGlobalSection
	GlobalSection(SolutionProperties) = preSolution
		HideSolutionNode = FALSE
	EndGlobalSection
	GlobalSection(ExtensibilityGlobals) = postSolution
		SolutionGuid = {0887D01F-965F-49F3-8C8C-391C4A71A671}
	EndGlobalSection
EndGlobal
