
Microsoft Visual Studio Solution File, Format Version 12.00
# Visual Studio Version 17
VisualStudioVersion = 17.13.35828.75 d17.13
MinimumVisualStudioVersion = 10.0.40219.1
Project("{FAE04EC0-301F-11D3-BF4B-00C04F79EFBC}") = "ForcedPolymorphism", "ForcedPolymorphism\ForcedPolymorphism.csproj", "{F6700B22-B59E-4E35-B6A2-06C425600732}"
EndProject
Global
	GlobalSection(SolutionConfigurationPlatforms) = preSolution
		Debug|Any CPU = Debug|Any CPU
		Release|Any CPU = Release|Any CPU
	EndGlobalSection
	GlobalSection(ProjectConfigurationPlatforms) = postSolution
		{F6700B22-B59E-4E35-B6A2-06C425600732}.Debug|Any CPU.ActiveCfg = Debug|Any CPU
		{F6700B22-B59E-4E35-B6A2-06C425600732}.Debug|Any CPU.Build.0 = Debug|Any CPU
		{F6700B22-B59E-4E35-B6A2-06C425600732}.Release|Any CPU.ActiveCfg = Release|Any CPU
		{F6700B22-B59E-4E35-B6A2-06C425600732}.Release|Any CPU.Build.0 = Release|Any CPU
	EndGlobalSection
	GlobalSection(SolutionProperties) = preSolution
		HideSolutionNode = FALSE
	EndGlobalSection
	GlobalSection(ExtensibilityGlobals) = postSolution
		SolutionGuid = {F82DE021-8195-4814-A1CF-E17C70A65EE6}
	EndGlobalSection
EndGlobal
