
Microsoft Visual Studio Solution File, Format Version 12.00
# Visual Studio Version 17
VisualStudioVersion = 17.13.35828.75 d17.13
MinimumVisualStudioVersion = 10.0.40219.1
Project("{FAE04EC0-301F-11D3-BF4B-00C04F79EFBC}") = "FormsIntroduction", "FormsIntroduction\FormsIntroduction.csproj", "{45D27284-9E2F-4315-B874-7417506BD7F7}"
EndProject
Global
	GlobalSection(SolutionConfigurationPlatforms) = preSolution
		Debug|Any CPU = Debug|Any CPU
		Release|Any CPU = Release|Any CPU
	EndGlobalSection
	GlobalSection(ProjectConfigurationPlatforms) = postSolution
		{45D27284-9E2F-4315-B874-7417506BD7F7}.Debug|Any CPU.ActiveCfg = Debug|Any CPU
		{45D27284-9E2F-4315-B874-7417506BD7F7}.Debug|Any CPU.Build.0 = Debug|Any CPU
		{45D27284-9E2F-4315-B874-7417506BD7F7}.Release|Any CPU.ActiveCfg = Release|Any CPU
		{45D27284-9E2F-4315-B874-7417506BD7F7}.Release|Any CPU.Build.0 = Release|Any CPU
	EndGlobalSection
	GlobalSection(SolutionProperties) = preSolution
		HideSolutionNode = FALSE
	EndGlobalSection
	GlobalSection(ExtensibilityGlobals) = postSolution
		SolutionGuid = {A0238567-B05C-422D-9FAC-69BA3C2591BA}
	EndGlobalSection
EndGlobal
