
Microsoft Visual Studio Solution File, Format Version 12.00
# Visual Studio Version 17
VisualStudioVersion = 17.13.35828.75 d17.13
MinimumVisualStudioVersion = 10.0.40219.1
Project("{FAE04EC0-301F-11D3-BF4B-00C04F79EFBC}") = "Iterations", "Iterations\Iterations.csproj", "{B2B769C2-ED56-47D2-AA57-FC0BBE7B6A5A}"
EndProject
Global
	GlobalSection(SolutionConfigurationPlatforms) = preSolution
		Debug|Any CPU = Debug|Any CPU
		Release|Any CPU = Release|Any CPU
	EndGlobalSection
	GlobalSection(ProjectConfigurationPlatforms) = postSolution
		{B2B769C2-ED56-47D2-AA57-FC0BBE7B6A5A}.Debug|Any CPU.ActiveCfg = Debug|Any CPU
		{B2B769C2-ED56-47D2-AA57-FC0BBE7B6A5A}.Debug|Any CPU.Build.0 = Debug|Any CPU
		{B2B769C2-ED56-47D2-AA57-FC0BBE7B6A5A}.Release|Any CPU.ActiveCfg = Release|Any CPU
		{B2B769C2-ED56-47D2-AA57-FC0BBE7B6A5A}.Release|Any CPU.Build.0 = Release|Any CPU
	EndGlobalSection
	GlobalSection(SolutionProperties) = preSolution
		HideSolutionNode = FALSE
	EndGlobalSection
	GlobalSection(ExtensibilityGlobals) = postSolution
		SolutionGuid = {472CCF96-3755-4715-9F20-363709EFEC79}
	EndGlobalSection
EndGlobal
